
Microsoft Visual Studio Solution File, Format Version 12.00
# Visual Studio 15
VisualStudioVersion = 15.0.28010.2036
MinimumVisualStudioVersion = 10.0.40219.1
Project("{E24C65DC-7377-472B-9ABA-BC803B73C61A}") = "HelloTriangle_LINE_LOOP", "HelloTriangle_LINE_LOOP\", "{48222458-600C-46C3-9132-135B6FCC58C6}"
	ProjectSection(WebsiteProperties) = preProject
		TargetFrameworkMoniker = ".NETFramework,Version%3Dv4.6.1"
		Debug.AspNetCompiler.VirtualPath = "/localhost_55379"
		Debug.AspNetCompiler.PhysicalPath = "HelloTriangle_LINE_LOOP\"
		Debug.AspNetCompiler.TargetPath = "PrecompiledWeb\localhost_55379\"
		Debug.AspNetCompiler.Updateable = "true"
		Debug.AspNetCompiler.ForceOverwrite = "true"
		Debug.AspNetCompiler.FixedNames = "false"
		Debug.AspNetCompiler.Debug = "True"
		Release.AspNetCompiler.VirtualPath = "/localhost_55379"
		Release.AspNetCompiler.PhysicalPath = "HelloTriangle_LINE_LOOP\"
		Release.AspNetCompiler.TargetPath = "PrecompiledWeb\localhost_55379\"
		Release.AspNetCompiler.Updateable = "true"
		Release.AspNetCompiler.ForceOverwrite = "true"
		Release.AspNetCompiler.FixedNames = "false"
		Release.AspNetCompiler.Debug = "False"
		VWDPort = "55379"
		DefaultWebSiteLanguage = "Visual C#"
	EndProjectSection
EndProject
Global
	GlobalSection(SolutionConfigurationPlatforms) = preSolution
		Debug|Any CPU = Debug|Any CPU
	EndGlobalSection
	GlobalSection(ProjectConfigurationPlatforms) = postSolution
		{48222458-600C-46C3-9132-135B6FCC58C6}.Debug|Any CPU.ActiveCfg = Debug|Any CPU
		{48222458-600C-46C3-9132-135B6FCC58C6}.Debug|Any CPU.Build.0 = Debug|Any CPU
	EndGlobalSection
	GlobalSection(SolutionProperties) = preSolution
		HideSolutionNode = FALSE
	EndGlobalSection
	GlobalSection(ExtensibilityGlobals) = postSolution
		SolutionGuid = {003E9083-DD4B-4D04-8E50-F005DA492284}
	EndGlobalSection
EndGlobal
