
Microsoft Visual Studio Solution File, Format Version 12.00
# Visual Studio 15
VisualStudioVersion = 15.0.28010.2036
MinimumVisualStudioVersion = 10.0.40219.1
Project("{E24C65DC-7377-472B-9ABA-BC803B73C61A}") = "TranslatedTriangle", "TranslatedTriangle\", "{5EB96687-87C0-4FA1-AA04-F571C9B1BECB}"
	ProjectSection(WebsiteProperties) = preProject
		TargetFrameworkMoniker = ".NETFramework,Version%3Dv4.6.1"
		Debug.AspNetCompiler.VirtualPath = "/localhost_55655"
		Debug.AspNetCompiler.PhysicalPath = "TranslatedTriangle\"
		Debug.AspNetCompiler.TargetPath = "PrecompiledWeb\localhost_55655\"
		Debug.AspNetCompiler.Updateable = "true"
		Debug.AspNetCompiler.ForceOverwrite = "true"
		Debug.AspNetCompiler.FixedNames = "false"
		Debug.AspNetCompiler.Debug = "True"
		Release.AspNetCompiler.VirtualPath = "/localhost_55655"
		Release.AspNetCompiler.PhysicalPath = "TranslatedTriangle\"
		Release.AspNetCompiler.TargetPath = "PrecompiledWeb\localhost_55655\"
		Release.AspNetCompiler.Updateable = "true"
		Release.AspNetCompiler.ForceOverwrite = "true"
		Release.AspNetCompiler.FixedNames = "false"
		Release.AspNetCompiler.Debug = "False"
		VWDPort = "55655"
		DefaultWebSiteLanguage = "Visual C#"
	EndProjectSection
EndProject
Global
	GlobalSection(SolutionConfigurationPlatforms) = preSolution
		Debug|Any CPU = Debug|Any CPU
	EndGlobalSection
	GlobalSection(ProjectConfigurationPlatforms) = postSolution
		{5EB96687-87C0-4FA1-AA04-F571C9B1BECB}.Debug|Any CPU.ActiveCfg = Debug|Any CPU
		{5EB96687-87C0-4FA1-AA04-F571C9B1BECB}.Debug|Any CPU.Build.0 = Debug|Any CPU
	EndGlobalSection
	GlobalSection(SolutionProperties) = preSolution
		HideSolutionNode = FALSE
	EndGlobalSection
	GlobalSection(ExtensibilityGlobals) = postSolution
		SolutionGuid = {D869AE3D-76C3-406D-A7E2-357E2023484B}
	EndGlobalSection
EndGlobal
